
Microsoft Visual Studio Solution File, Format Version 12.00
# Visual Studio 15
VisualStudioVersion = 15.0.27004.2006
MinimumVisualStudioVersion = 10.0.40219.1
Project("{FAE04EC0-301F-11D3-BF4B-00C04F79EFBC}") = "ProjectCSULB", "ProjectCSULB\ProjectCSULB.csproj", "{873AE4BE-DF3C-41BC-A323-CF6D6FB56767}"
EndProject
Global
	GlobalSection(SolutionConfigurationPlatforms) = preSolution
		Debug|Any CPU = Debug|Any CPU
		Release|Any CPU = Release|Any CPU
	EndGlobalSection
	GlobalSection(ProjectConfigurationPlatforms) = postSolution
		{873AE4BE-DF3C-41BC-A323-CF6D6FB56767}.Debug|Any CPU.ActiveCfg = Debug|Any CPU
		{873AE4BE-DF3C-41BC-A323-CF6D6FB56767}.Debug|Any CPU.Build.0 = Debug|Any CPU
		{873AE4BE-DF3C-41BC-A323-CF6D6FB56767}.Release|Any CPU.ActiveCfg = Release|Any CPU
		{873AE4BE-DF3C-41BC-A323-CF6D6FB56767}.Release|Any CPU.Build.0 = Release|Any CPU
	EndGlobalSection
	GlobalSection(SolutionProperties) = preSolution
		HideSolutionNode = FALSE
	EndGlobalSection
	GlobalSection(ExtensibilityGlobals) = postSolution
		SolutionGuid = {993BA4F5-E159-4876-82E7-B7A62BAA4059}
	EndGlobalSection
EndGlobal
